
Microsoft Visual Studio Solution File, Format Version 12.00
# Visual Studio Version 17
VisualStudioVersion = 17.11.35312.102
MinimumVisualStudioVersion = 10.0.40219.1
Project("{9A19103F-16F7-4668-BE54-9A1E7A4F7556}") = "LGC_CodeChallenge", "LGC_CodeChallenge.csproj", "{466FE79A-1527-48E6-B5F3-5318B7D9905D}"
EndProject
Project("{2150E333-8FDC-42A3-9474-1A3956D46DE8}") = "Tests", "Tests", "{0868DCB1-A7F3-49F1-B359-AFD3690F9AA2}"
EndProject
Project("{9A19103F-16F7-4668-BE54-9A1E7A4F7556}") = "LGC_CodeChallenge.UnitTests", "..\LGC_CodeChallenge.UnitTests\LGC_CodeChallenge.UnitTests.csproj", "{20DF19FB-0292-4D8B-9F86-6603FD063DB1}"
EndProject
Project("{2150E333-8FDC-42A3-9474-1A3956D46DE8}") = "Contracts", "Contracts", "{E3BA3880-3268-4F89-B5F0-E7231948CC57}"
EndProject
Project("{2150E333-8FDC-42A3-9474-1A3956D46DE8}") = "SDK", "SDK", "{E6BE521B-52F8-4180-8F17-4EAF39BB187A}"
EndProject
Project("{9A19103F-16F7-4668-BE54-9A1E7A4F7556}") = "LGC_CodeChallenge.SDK", "..\LGC_CodeChallenge.SDK\LGC_CodeChallenge.SDK.csproj", "{2F514979-500B-440B-B2F1-A7C2B700F192}"
EndProject
Project("{FAE04EC0-301F-11D3-BF4B-00C04F79EFBC}") = "LGC_CodeChallenge.Contracts", "..\LGC_CodeChallenge.Contracts\LGC_CodeChallenge.Contracts.csproj", "{9AAAF7D8-ACF7-4C2B-96FA-A1C9B5EBE9AF}"
EndProject
Global
	GlobalSection(SolutionConfigurationPlatforms) = preSolution
		Debug|Any CPU = Debug|Any CPU
		Release|Any CPU = Release|Any CPU
	EndGlobalSection
	GlobalSection(ProjectConfigurationPlatforms) = postSolution
		{466FE79A-1527-48E6-B5F3-5318B7D9905D}.Debug|Any CPU.ActiveCfg = Debug|Any CPU
		{466FE79A-1527-48E6-B5F3-5318B7D9905D}.Debug|Any CPU.Build.0 = Debug|Any CPU
		{466FE79A-1527-48E6-B5F3-5318B7D9905D}.Release|Any CPU.ActiveCfg = Release|Any CPU
		{466FE79A-1527-48E6-B5F3-5318B7D9905D}.Release|Any CPU.Build.0 = Release|Any CPU
		{20DF19FB-0292-4D8B-9F86-6603FD063DB1}.Debug|Any CPU.ActiveCfg = Debug|Any CPU
		{20DF19FB-0292-4D8B-9F86-6603FD063DB1}.Debug|Any CPU.Build.0 = Debug|Any CPU
		{20DF19FB-0292-4D8B-9F86-6603FD063DB1}.Release|Any CPU.ActiveCfg = Release|Any CPU
		{20DF19FB-0292-4D8B-9F86-6603FD063DB1}.Release|Any CPU.Build.0 = Release|Any CPU
		{2F514979-500B-440B-B2F1-A7C2B700F192}.Debug|Any CPU.ActiveCfg = Debug|Any CPU
		{2F514979-500B-440B-B2F1-A7C2B700F192}.Debug|Any CPU.Build.0 = Debug|Any CPU
		{2F514979-500B-440B-B2F1-A7C2B700F192}.Release|Any CPU.ActiveCfg = Release|Any CPU
		{2F514979-500B-440B-B2F1-A7C2B700F192}.Release|Any CPU.Build.0 = Release|Any CPU
		{9AAAF7D8-ACF7-4C2B-96FA-A1C9B5EBE9AF}.Debug|Any CPU.ActiveCfg = Debug|Any CPU
		{9AAAF7D8-ACF7-4C2B-96FA-A1C9B5EBE9AF}.Debug|Any CPU.Build.0 = Debug|Any CPU
		{9AAAF7D8-ACF7-4C2B-96FA-A1C9B5EBE9AF}.Release|Any CPU.ActiveCfg = Release|Any CPU
		{9AAAF7D8-ACF7-4C2B-96FA-A1C9B5EBE9AF}.Release|Any CPU.Build.0 = Release|Any CPU
	EndGlobalSection
	GlobalSection(SolutionProperties) = preSolution
		HideSolutionNode = FALSE
	EndGlobalSection
	GlobalSection(NestedProjects) = preSolution
		{20DF19FB-0292-4D8B-9F86-6603FD063DB1} = {0868DCB1-A7F3-49F1-B359-AFD3690F9AA2}
		{2F514979-500B-440B-B2F1-A7C2B700F192} = {E6BE521B-52F8-4180-8F17-4EAF39BB187A}
		{9AAAF7D8-ACF7-4C2B-96FA-A1C9B5EBE9AF} = {E3BA3880-3268-4F89-B5F0-E7231948CC57}
	EndGlobalSection
	GlobalSection(ExtensibilityGlobals) = postSolution
		SolutionGuid = {4D663308-5916-4002-ABFD-73CBE4CDD955}
	EndGlobalSection
EndGlobal
